// !$*UTF8*$!
{
	archiveVersion = 1;
	classes = {
	};
	objectVersion = 56;
	objects = {

/* Begin PBXBuildFile section */
		CC066012294B60420076C1DF /* AuthConfiguration.swift in Sources */ = {isa = PBXBuildFile; fileRef = CC066011294B60420076C1DF /* AuthConfiguration.swift */; };
		CC19CED2294C8C2000747CC4 /* AuthViewController.swift in Sources */ = {isa = PBXBuildFile; fileRef = CC19CED1294C8C2000747CC4 /* AuthViewController.swift */; };
		CC19CED5294C8D8300747CC4 /* WebViewViewController.swift in Sources */ = {isa = PBXBuildFile; fileRef = CC19CED4294C8D8300747CC4 /* WebViewViewController.swift */; };
		CC3FA4932985A9960067D139 /* AnimationGradientFactory.swift in Sources */ = {isa = PBXBuildFile; fileRef = CC3FA4922985A9960067D139 /* AnimationGradientFactory.swift */; };
		CC3FA586299261070067D139 /* WebViewPresenter.swift in Sources */ = {isa = PBXBuildFile; fileRef = CC3FA585299261070067D139 /* WebViewPresenter.swift */; };
		CC3FA588299276090067D139 /* AuthHelper.swift in Sources */ = {isa = PBXBuildFile; fileRef = CC3FA587299276090067D139 /* AuthHelper.swift */; };
		CC3FA5902992BEB80067D139 /* WebViewTests.swift in Sources */ = {isa = PBXBuildFile; fileRef = CC3FA58F2992BEB80067D139 /* WebViewTests.swift */; };
		CC3FA5992993B7280067D139 /* ProfileViewPresenter.swift in Sources */ = {isa = PBXBuildFile; fileRef = CC3FA5982993B7280067D139 /* ProfileViewPresenter.swift */; };
		CC3FA59B2994170A0067D139 /* ProfileTests.swift in Sources */ = {isa = PBXBuildFile; fileRef = CC3FA59A2994170A0067D139 /* ProfileTests.swift */; };
		CC513330295DCF3E0093354D /* ProgressHUD in Frameworks */ = {isa = PBXBuildFile; productRef = CC51332F295DCF3E0093354D /* ProgressHUD */; };
		CC513332295EE29F0093354D /* UIBlockingProgressHUD.swift in Sources */ = {isa = PBXBuildFile; fileRef = CC513331295EE29F0093354D /* UIBlockingProgressHUD.swift */; };
		CC513334295EE8FC0093354D /* ProfileService.swift in Sources */ = {isa = PBXBuildFile; fileRef = CC513333295EE8FC0093354D /* ProfileService.swift */; };
		CC513336296032030093354D /* ProfileImageService.swift in Sources */ = {isa = PBXBuildFile; fileRef = CC513335296032030093354D /* ProfileImageService.swift */; };
		CC513339296068E30093354D /* URLSession.swift in Sources */ = {isa = PBXBuildFile; fileRef = CC513338296068E30093354D /* URLSession.swift */; };
		CC51333C2961A9BC0093354D /* Kingfisher in Frameworks */ = {isa = PBXBuildFile; productRef = CC51333B2961A9BC0093354D /* Kingfisher */; };
		CC51333F2961B81B0093354D /* SwiftKeychainWrapper in Frameworks */ = {isa = PBXBuildFile; productRef = CC51333E2961B81B0093354D /* SwiftKeychainWrapper */; };
		CC64D9DC29392FB600F02094 /* YSDisplay-Medium.ttf in Resources */ = {isa = PBXBuildFile; fileRef = CC64D9DA29392FB600F02094 /* YSDisplay-Medium.ttf */; };
		CC64D9DD29392FB600F02094 /* YSDisplay-Bold.ttf in Resources */ = {isa = PBXBuildFile; fileRef = CC64D9DB29392FB600F02094 /* YSDisplay-Bold.ttf */; };
		CC64D9E0293BBD0C00F02094 /* SingleImageViewController.swift in Sources */ = {isa = PBXBuildFile; fileRef = CC64D9DF293BBD0C00F02094 /* SingleImageViewController.swift */; };
		CC7241D8297C2C3800DC6A6B /* ImagesListService.swift in Sources */ = {isa = PBXBuildFile; fileRef = CC7241D7297C2C3800DC6A6B /* ImagesListService.swift */; };
		CC8376DE294E3A5F00A7FCF9 /* OAuth2Service.swift in Sources */ = {isa = PBXBuildFile; fileRef = CC8376DD294E3A5F00A7FCF9 /* OAuth2Service.swift */; };
		CC8376E0294E3BDA00A7FCF9 /* OAuth2TokenStorage.swift in Sources */ = {isa = PBXBuildFile; fileRef = CC8376DF294E3BDA00A7FCF9 /* OAuth2TokenStorage.swift */; };
		CCD191B929292116004E6439 /* ImagesListCell.swift in Sources */ = {isa = PBXBuildFile; fileRef = CCD191B829292116004E6439 /* ImagesListCell.swift */; };
		CCD50679294E462100F88C7C /* OAuthTokenResponseBody.swift in Sources */ = {isa = PBXBuildFile; fileRef = CCD50678294E462100F88C7C /* OAuthTokenResponseBody.swift */; };
		CCD5067C294F46F500F88C7C /* SplashViewController.swift in Sources */ = {isa = PBXBuildFile; fileRef = CCD5067B294F46F500F88C7C /* SplashViewController.swift */; };
		CCD64FE62B0BAD26009A2BEE /* Notifications.swift in Sources */ = {isa = PBXBuildFile; fileRef = CCD64FE52B0BAD26009A2BEE /* Notifications.swift */; };
		CCDD5B2D2979A81C00D7DAAF /* TabBarController.swift in Sources */ = {isa = PBXBuildFile; fileRef = CCDD5B2C2979A81C00D7DAAF /* TabBarController.swift */; };
		CCDF239B2939277200AD7261 /* ProfileViewController.swift in Sources */ = {isa = PBXBuildFile; fileRef = CCDF239A2939277200AD7261 /* ProfileViewController.swift */; };
		CCE4E943299D62C0009F9097 /* ImagesListPresenter.swift in Sources */ = {isa = PBXBuildFile; fileRef = CCE4E942299D62C0009F9097 /* ImagesListPresenter.swift */; };
		CCE4E945299D6858009F9097 /* ImagesListTests.swift in Sources */ = {isa = PBXBuildFile; fileRef = CCE4E944299D6858009F9097 /* ImagesListTests.swift */; };
		CCE4E94D299E03C0009F9097 /* ImageFeedUITests.swift in Sources */ = {isa = PBXBuildFile; fileRef = CCE4E94C299E03C0009F9097 /* ImageFeedUITests.swift */; };
		CCE4E94F299E03C0009F9097 /* ImageFeedUITestsLaunchTests.swift in Sources */ = {isa = PBXBuildFile; fileRef = CCE4E94E299E03C0009F9097 /* ImageFeedUITestsLaunchTests.swift */; };
		CCEB357429269DDA003D1627 /* AppDelegate.swift in Sources */ = {isa = PBXBuildFile; fileRef = CCEB357329269DDA003D1627 /* AppDelegate.swift */; };
		CCEB357629269DDA003D1627 /* SceneDelegate.swift in Sources */ = {isa = PBXBuildFile; fileRef = CCEB357529269DDA003D1627 /* SceneDelegate.swift */; };
		CCEB357829269DDA003D1627 /* ImagesListViewController.swift in Sources */ = {isa = PBXBuildFile; fileRef = CCEB357729269DDA003D1627 /* ImagesListViewController.swift */; };
		CCEB357B29269DDA003D1627 /* Main.storyboard in Resources */ = {isa = PBXBuildFile; fileRef = CCEB357929269DDA003D1627 /* Main.storyboard */; };
		CCEB357D29269DDB003D1627 /* Assets.xcassets in Resources */ = {isa = PBXBuildFile; fileRef = CCEB357C29269DDB003D1627 /* Assets.xcassets */; };
		CCEB358029269DDB003D1627 /* LaunchScreen.storyboard in Resources */ = {isa = PBXBuildFile; fileRef = CCEB357E29269DDB003D1627 /* LaunchScreen.storyboard */; };
/* End PBXBuildFile section */

/* Begin PBXContainerItemProxy section */
		CC3FA5912992BEB80067D139 /* PBXContainerItemProxy */ = {
			isa = PBXContainerItemProxy;
			containerPortal = CCEB356829269DDA003D1627 /* Project object */;
			proxyType = 1;
			remoteGlobalIDString = CCEB356F29269DDA003D1627;
			remoteInfo = ImageFeed;
		};
		CCE4E950299E03C0009F9097 /* PBXContainerItemProxy */ = {
			isa = PBXContainerItemProxy;
			containerPortal = CCEB356829269DDA003D1627 /* Project object */;
			proxyType = 1;
			remoteGlobalIDString = CCEB356F29269DDA003D1627;
			remoteInfo = ImageFeed;
		};
/* End PBXContainerItemProxy section */

/* Begin PBXFileReference section */
		CC066011294B60420076C1DF /* AuthConfiguration.swift */ = {isa = PBXFileReference; lastKnownFileType = sourcecode.swift; path = AuthConfiguration.swift; sourceTree = "<group>"; };
		CC19CED1294C8C2000747CC4 /* AuthViewController.swift */ = {isa = PBXFileReference; lastKnownFileType = sourcecode.swift; path = AuthViewController.swift; sourceTree = "<group>"; };
		CC19CED4294C8D8300747CC4 /* WebViewViewController.swift */ = {isa = PBXFileReference; lastKnownFileType = sourcecode.swift; path = WebViewViewController.swift; sourceTree = "<group>"; };
		CC3FA4922985A9960067D139 /* AnimationGradientFactory.swift */ = {isa = PBXFileReference; lastKnownFileType = sourcecode.swift; path = AnimationGradientFactory.swift; sourceTree = "<group>"; };
		CC3FA585299261070067D139 /* WebViewPresenter.swift */ = {isa = PBXFileReference; lastKnownFileType = sourcecode.swift; path = WebViewPresenter.swift; sourceTree = "<group>"; };
		CC3FA587299276090067D139 /* AuthHelper.swift */ = {isa = PBXFileReference; lastKnownFileType = sourcecode.swift; path = AuthHelper.swift; sourceTree = "<group>"; };
		CC3FA58D2992BEB80067D139 /* ImageFeedTests.xctest */ = {isa = PBXFileReference; explicitFileType = wrapper.cfbundle; includeInIndex = 0; path = ImageFeedTests.xctest; sourceTree = BUILT_PRODUCTS_DIR; };
		CC3FA58F2992BEB80067D139 /* WebViewTests.swift */ = {isa = PBXFileReference; lastKnownFileType = sourcecode.swift; path = WebViewTests.swift; sourceTree = "<group>"; };
		CC3FA5982993B7280067D139 /* ProfileViewPresenter.swift */ = {isa = PBXFileReference; lastKnownFileType = sourcecode.swift; path = ProfileViewPresenter.swift; sourceTree = "<group>"; };
		CC3FA59A2994170A0067D139 /* ProfileTests.swift */ = {isa = PBXFileReference; lastKnownFileType = sourcecode.swift; path = ProfileTests.swift; sourceTree = "<group>"; };
		CC513331295EE29F0093354D /* UIBlockingProgressHUD.swift */ = {isa = PBXFileReference; lastKnownFileType = sourcecode.swift; path = UIBlockingProgressHUD.swift; sourceTree = "<group>"; };
		CC513333295EE8FC0093354D /* ProfileService.swift */ = {isa = PBXFileReference; lastKnownFileType = sourcecode.swift; path = ProfileService.swift; sourceTree = "<group>"; };
		CC513335296032030093354D /* ProfileImageService.swift */ = {isa = PBXFileReference; lastKnownFileType = sourcecode.swift; path = ProfileImageService.swift; sourceTree = "<group>"; };
		CC513338296068E30093354D /* URLSession.swift */ = {isa = PBXFileReference; lastKnownFileType = sourcecode.swift; path = URLSession.swift; sourceTree = "<group>"; };
		CC64D9DA29392FB600F02094 /* YSDisplay-Medium.ttf */ = {isa = PBXFileReference; lastKnownFileType = file; path = "YSDisplay-Medium.ttf"; sourceTree = "<group>"; };
		CC64D9DB29392FB600F02094 /* YSDisplay-Bold.ttf */ = {isa = PBXFileReference; lastKnownFileType = file; path = "YSDisplay-Bold.ttf"; sourceTree = "<group>"; };
		CC64D9DF293BBD0C00F02094 /* SingleImageViewController.swift */ = {isa = PBXFileReference; lastKnownFileType = sourcecode.swift; path = SingleImageViewController.swift; sourceTree = "<group>"; };
		CC7241D7297C2C3800DC6A6B /* ImagesListService.swift */ = {isa = PBXFileReference; lastKnownFileType = sourcecode.swift; path = ImagesListService.swift; sourceTree = "<group>"; };
		CC8376DD294E3A5F00A7FCF9 /* OAuth2Service.swift */ = {isa = PBXFileReference; lastKnownFileType = sourcecode.swift; path = OAuth2Service.swift; sourceTree = "<group>"; };
		CC8376DF294E3BDA00A7FCF9 /* OAuth2TokenStorage.swift */ = {isa = PBXFileReference; lastKnownFileType = sourcecode.swift; path = OAuth2TokenStorage.swift; sourceTree = "<group>"; };
		CCD191B829292116004E6439 /* ImagesListCell.swift */ = {isa = PBXFileReference; lastKnownFileType = sourcecode.swift; path = ImagesListCell.swift; sourceTree = "<group>"; };
		CCD50678294E462100F88C7C /* OAuthTokenResponseBody.swift */ = {isa = PBXFileReference; lastKnownFileType = sourcecode.swift; path = OAuthTokenResponseBody.swift; sourceTree = "<group>"; };
		CCD5067B294F46F500F88C7C /* SplashViewController.swift */ = {isa = PBXFileReference; lastKnownFileType = sourcecode.swift; path = SplashViewController.swift; sourceTree = "<group>"; };
		CCD64FE52B0BAD26009A2BEE /* Notifications.swift */ = {isa = PBXFileReference; lastKnownFileType = sourcecode.swift; path = Notifications.swift; sourceTree = "<group>"; };
		CCDD5B2C2979A81C00D7DAAF /* TabBarController.swift */ = {isa = PBXFileReference; lastKnownFileType = sourcecode.swift; path = TabBarController.swift; sourceTree = "<group>"; };
		CCDF239A2939277200AD7261 /* ProfileViewController.swift */ = {isa = PBXFileReference; lastKnownFileType = sourcecode.swift; path = ProfileViewController.swift; sourceTree = "<group>"; };
		CCE4E942299D62C0009F9097 /* ImagesListPresenter.swift */ = {isa = PBXFileReference; lastKnownFileType = sourcecode.swift; path = ImagesListPresenter.swift; sourceTree = "<group>"; };
		CCE4E944299D6858009F9097 /* ImagesListTests.swift */ = {isa = PBXFileReference; lastKnownFileType = sourcecode.swift; path = ImagesListTests.swift; sourceTree = "<group>"; };
		CCE4E94A299E03C0009F9097 /* ImageFeedUITests.xctest */ = {isa = PBXFileReference; explicitFileType = wrapper.cfbundle; includeInIndex = 0; path = ImageFeedUITests.xctest; sourceTree = BUILT_PRODUCTS_DIR; };
		CCE4E94C299E03C0009F9097 /* ImageFeedUITests.swift */ = {isa = PBXFileReference; lastKnownFileType = sourcecode.swift; path = ImageFeedUITests.swift; sourceTree = "<group>"; };
		CCE4E94E299E03C0009F9097 /* ImageFeedUITestsLaunchTests.swift */ = {isa = PBXFileReference; lastKnownFileType = sourcecode.swift; path = ImageFeedUITestsLaunchTests.swift; sourceTree = "<group>"; };
		CCEB357029269DDA003D1627 /* ImageFeed.app */ = {isa = PBXFileReference; explicitFileType = wrapper.application; includeInIndex = 0; path = ImageFeed.app; sourceTree = BUILT_PRODUCTS_DIR; };
		CCEB357329269DDA003D1627 /* AppDelegate.swift */ = {isa = PBXFileReference; lastKnownFileType = sourcecode.swift; path = AppDelegate.swift; sourceTree = "<group>"; };
		CCEB357529269DDA003D1627 /* SceneDelegate.swift */ = {isa = PBXFileReference; lastKnownFileType = sourcecode.swift; path = SceneDelegate.swift; sourceTree = "<group>"; };
		CCEB357729269DDA003D1627 /* ImagesListViewController.swift */ = {isa = PBXFileReference; lastKnownFileType = sourcecode.swift; path = ImagesListViewController.swift; sourceTree = "<group>"; };
		CCEB357A29269DDA003D1627 /* Base */ = {isa = PBXFileReference; lastKnownFileType = file.storyboard; name = Base; path = Base.lproj/Main.storyboard; sourceTree = "<group>"; };
		CCEB357C29269DDB003D1627 /* Assets.xcassets */ = {isa = PBXFileReference; lastKnownFileType = folder.assetcatalog; path = Assets.xcassets; sourceTree = "<group>"; };
		CCEB357F29269DDB003D1627 /* Base */ = {isa = PBXFileReference; lastKnownFileType = file.storyboard; name = Base; path = Base.lproj/LaunchScreen.storyboard; sourceTree = "<group>"; };
		CCEB358129269DDB003D1627 /* Info.plist */ = {isa = PBXFileReference; lastKnownFileType = text.plist.xml; path = Info.plist; sourceTree = "<group>"; };
/* End PBXFileReference section */

/* Begin PBXFrameworksBuildPhase section */
		CC3FA58A2992BEB80067D139 /* Frameworks */ = {
			isa = PBXFrameworksBuildPhase;
			buildActionMask = 2147483647;
			files = (
			);
			runOnlyForDeploymentPostprocessing = 0;
		};
		CCE4E947299E03C0009F9097 /* Frameworks */ = {
			isa = PBXFrameworksBuildPhase;
			buildActionMask = 2147483647;
			files = (
			);
			runOnlyForDeploymentPostprocessing = 0;
		};
		CCEB356D29269DDA003D1627 /* Frameworks */ = {
			isa = PBXFrameworksBuildPhase;
			buildActionMask = 2147483647;
			files = (
				CC51333C2961A9BC0093354D /* Kingfisher in Frameworks */,
				CC513330295DCF3E0093354D /* ProgressHUD in Frameworks */,
				CC51333F2961B81B0093354D /* SwiftKeychainWrapper in Frameworks */,
			);
			runOnlyForDeploymentPostprocessing = 0;
		};
/* End PBXFrameworksBuildPhase section */

/* Begin PBXGroup section */
		CC19CED3294C8C9700747CC4 /* Auth */ = {
			isa = PBXGroup;
			children = (
				CC19CED1294C8C2000747CC4 /* AuthViewController.swift */,
				CC19CED4294C8D8300747CC4 /* WebViewViewController.swift */,
				CC3FA585299261070067D139 /* WebViewPresenter.swift */,
			);
			path = Auth;
			sourceTree = "<group>";
		};
		CC3FA58E2992BEB80067D139 /* ImageFeedTests */ = {
			isa = PBXGroup;
			children = (
				CC3FA58F2992BEB80067D139 /* WebViewTests.swift */,
				CC3FA59A2994170A0067D139 /* ProfileTests.swift */,
				CCE4E944299D6858009F9097 /* ImagesListTests.swift */,
			);
			path = ImageFeedTests;
			sourceTree = "<group>";
		};
		CC513337296068CB0093354D /* Helper */ = {
			isa = PBXGroup;
			children = (
				CC513338296068E30093354D /* URLSession.swift */,
				CC3FA4922985A9960067D139 /* AnimationGradientFactory.swift */,
				CC3FA587299276090067D139 /* AuthHelper.swift */,
				CCD64FE52B0BAD26009A2BEE /* Notifications.swift */,
			);
			path = Helper;
			sourceTree = "<group>";
		};
		CC64D9D929392FA200F02094 /* Resources */ = {
			isa = PBXGroup;
			children = (
				CC64D9DB29392FB600F02094 /* YSDisplay-Bold.ttf */,
				CC64D9DA29392FB600F02094 /* YSDisplay-Medium.ttf */,
			);
			path = Resources;
			sourceTree = "<group>";
		};
		CC64D9DE2939317E00F02094 /* Profile */ = {
			isa = PBXGroup;
			children = (
				CCDF239A2939277200AD7261 /* ProfileViewController.swift */,
				CC3FA5982993B7280067D139 /* ProfileViewPresenter.swift */,
			);
			path = Profile;
			sourceTree = "<group>";
		};
		CC64D9E1293BC77100F02094 /* SingleImageView */ = {
			isa = PBXGroup;
			children = (
				CC64D9DF293BBD0C00F02094 /* SingleImageViewController.swift */,
			);
			path = SingleImageView;
			sourceTree = "<group>";
		};
		CC8376DC294E3A3C00A7FCF9 /* Services */ = {
			isa = PBXGroup;
			children = (
				CC8376DD294E3A5F00A7FCF9 /* OAuth2Service.swift */,
				CC8376DF294E3BDA00A7FCF9 /* OAuth2TokenStorage.swift */,
				CCD50678294E462100F88C7C /* OAuthTokenResponseBody.swift */,
				CC513333295EE8FC0093354D /* ProfileService.swift */,
				CC513335296032030093354D /* ProfileImageService.swift */,
				CC7241D7297C2C3800DC6A6B /* ImagesListService.swift */,
			);
			path = Services;
			sourceTree = "<group>";
		};
		CCD191BA29292146004E6439 /* ImagesList */ = {
			isa = PBXGroup;
			children = (
				CCD191B829292116004E6439 /* ImagesListCell.swift */,
				CCEB357729269DDA003D1627 /* ImagesListViewController.swift */,
				CCE4E942299D62C0009F9097 /* ImagesListPresenter.swift */,
			);
			path = ImagesList;
			sourceTree = "<group>";
		};
		CCD5067A294F46E400F88C7C /* Splash */ = {
			isa = PBXGroup;
			children = (
				CCD5067B294F46F500F88C7C /* SplashViewController.swift */,
			);
			path = Splash;
			sourceTree = "<group>";
		};
		CCDD5B2B2979A80900D7DAAF /* TabBar */ = {
			isa = PBXGroup;
			children = (
				CCDD5B2C2979A81C00D7DAAF /* TabBarController.swift */,
			);
			path = TabBar;
			sourceTree = "<group>";
		};
		CCE4E94B299E03C0009F9097 /* ImageFeedUITests */ = {
			isa = PBXGroup;
			children = (
				CCE4E94C299E03C0009F9097 /* ImageFeedUITests.swift */,
				CCE4E94E299E03C0009F9097 /* ImageFeedUITestsLaunchTests.swift */,
			);
			path = ImageFeedUITests;
			sourceTree = "<group>";
		};
		CCEB356729269DDA003D1627 = {
			isa = PBXGroup;
			children = (
				CCEB357229269DDA003D1627 /* ImageFeed */,
				CC3FA58E2992BEB80067D139 /* ImageFeedTests */,
				CCE4E94B299E03C0009F9097 /* ImageFeedUITests */,
				CCEB357129269DDA003D1627 /* Products */,
			);
			sourceTree = "<group>";
		};
		CCEB357129269DDA003D1627 /* Products */ = {
			isa = PBXGroup;
			children = (
				CCEB357029269DDA003D1627 /* ImageFeed.app */,
				CC3FA58D2992BEB80067D139 /* ImageFeedTests.xctest */,
				CCE4E94A299E03C0009F9097 /* ImageFeedUITests.xctest */,
			);
			name = Products;
			sourceTree = "<group>";
		};
		CCEB357229269DDA003D1627 /* ImageFeed */ = {
			isa = PBXGroup;
			children = (
				CCEB357329269DDA003D1627 /* AppDelegate.swift */,
				CCEB357529269DDA003D1627 /* SceneDelegate.swift */,
				CC066011294B60420076C1DF /* AuthConfiguration.swift */,
				CC513331295EE29F0093354D /* UIBlockingProgressHUD.swift */,
				CC64D9DE2939317E00F02094 /* Profile */,
				CCDD5B2B2979A80900D7DAAF /* TabBar */,
				CCD191BA29292146004E6439 /* ImagesList */,
				CC64D9E1293BC77100F02094 /* SingleImageView */,
				CCD5067A294F46E400F88C7C /* Splash */,
				CC19CED3294C8C9700747CC4 /* Auth */,
				CC8376DC294E3A3C00A7FCF9 /* Services */,
				CC513337296068CB0093354D /* Helper */,
				CCEB357929269DDA003D1627 /* Main.storyboard */,
				CCEB357C29269DDB003D1627 /* Assets.xcassets */,
				CCEB357E29269DDB003D1627 /* LaunchScreen.storyboard */,
				CCEB358129269DDB003D1627 /* Info.plist */,
				CC64D9D929392FA200F02094 /* Resources */,
			);
			path = ImageFeed;
			sourceTree = "<group>";
		};
/* End PBXGroup section */

/* Begin PBXNativeTarget section */
		CC3FA58C2992BEB80067D139 /* ImageFeedTests */ = {
			isa = PBXNativeTarget;
			buildConfigurationList = CC3FA5932992BEB80067D139 /* Build configuration list for PBXNativeTarget "ImageFeedTests" */;
			buildPhases = (
				CC3FA5892992BEB80067D139 /* Sources */,
				CC3FA58A2992BEB80067D139 /* Frameworks */,
				CC3FA58B2992BEB80067D139 /* Resources */,
			);
			buildRules = (
			);
			dependencies = (
				CC3FA5922992BEB80067D139 /* PBXTargetDependency */,
			);
			name = ImageFeedTests;
			productName = ImageFeedTests;
			productReference = CC3FA58D2992BEB80067D139 /* ImageFeedTests.xctest */;
			productType = "com.apple.product-type.bundle.unit-test";
		};
		CCE4E949299E03C0009F9097 /* ImageFeedUITests */ = {
			isa = PBXNativeTarget;
			buildConfigurationList = CCE4E952299E03C0009F9097 /* Build configuration list for PBXNativeTarget "ImageFeedUITests" */;
			buildPhases = (
				CCE4E946299E03C0009F9097 /* Sources */,
				CCE4E947299E03C0009F9097 /* Frameworks */,
				CCE4E948299E03C0009F9097 /* Resources */,
			);
			buildRules = (
			);
			dependencies = (
				CCE4E951299E03C0009F9097 /* PBXTargetDependency */,
			);
			name = ImageFeedUITests;
			productName = ImageFeedUITests;
			productReference = CCE4E94A299E03C0009F9097 /* ImageFeedUITests.xctest */;
			productType = "com.apple.product-type.bundle.ui-testing";
		};
		CCEB356F29269DDA003D1627 /* ImageFeed */ = {
			isa = PBXNativeTarget;
			buildConfigurationList = CCEB358429269DDB003D1627 /* Build configuration list for PBXNativeTarget "ImageFeed" */;
			buildPhases = (
				CCEB356C29269DDA003D1627 /* Sources */,
				CCEB356D29269DDA003D1627 /* Frameworks */,
				CCEB356E29269DDA003D1627 /* Resources */,
			);
			buildRules = (
			);
			dependencies = (
			);
			name = ImageFeed;
			packageProductDependencies = (
				CC51332F295DCF3E0093354D /* ProgressHUD */,
				CC51333B2961A9BC0093354D /* Kingfisher */,
				CC51333E2961B81B0093354D /* SwiftKeychainWrapper */,
			);
			productName = ImageFeed;
			productReference = CCEB357029269DDA003D1627 /* ImageFeed.app */;
			productType = "com.apple.product-type.application";
		};
/* End PBXNativeTarget section */

/* Begin PBXProject section */
		CCEB356829269DDA003D1627 /* Project object */ = {
			isa = PBXProject;
			attributes = {
				BuildIndependentTargetsInParallel = 1;
				LastSwiftUpdateCheck = 1420;
				LastUpgradeCheck = 1410;
				TargetAttributes = {
					CC3FA58C2992BEB80067D139 = {
						CreatedOnToolsVersion = 14.2;
						TestTargetID = CCEB356F29269DDA003D1627;
					};
					CCE4E949299E03C0009F9097 = {
						CreatedOnToolsVersion = 14.2;
						TestTargetID = CCEB356F29269DDA003D1627;
					};
					CCEB356F29269DDA003D1627 = {
						CreatedOnToolsVersion = 14.1;
					};
				};
			};
			buildConfigurationList = CCEB356B29269DDA003D1627 /* Build configuration list for PBXProject "ImageFeed" */;
			compatibilityVersion = "Xcode 14.0";
			developmentRegion = en;
			hasScannedForEncodings = 0;
			knownRegions = (
				en,
				Base,
			);
			mainGroup = CCEB356729269DDA003D1627;
			packageReferences = (
				CC51332E295DCF3E0093354D /* XCRemoteSwiftPackageReference "ProgressHUD" */,
				CC51333A2961A9BC0093354D /* XCRemoteSwiftPackageReference "Kingfisher" */,
				CC51333D2961B81B0093354D /* XCRemoteSwiftPackageReference "SwiftKeychainWrapper" */,
			);
			productRefGroup = CCEB357129269DDA003D1627 /* Products */;
			projectDirPath = "";
			projectRoot = "";
			targets = (
				CCEB356F29269DDA003D1627 /* ImageFeed */,
				CC3FA58C2992BEB80067D139 /* ImageFeedTests */,
				CCE4E949299E03C0009F9097 /* ImageFeedUITests */,
			);
		};
/* End PBXProject section */

/* Begin PBXResourcesBuildPhase section */
		CC3FA58B2992BEB80067D139 /* Resources */ = {
			isa = PBXResourcesBuildPhase;
			buildActionMask = 2147483647;
			files = (
			);
			runOnlyForDeploymentPostprocessing = 0;
		};
		CCE4E948299E03C0009F9097 /* Resources */ = {
			isa = PBXResourcesBuildPhase;
			buildActionMask = 2147483647;
			files = (
			);
			runOnlyForDeploymentPostprocessing = 0;
		};
		CCEB356E29269DDA003D1627 /* Resources */ = {
			isa = PBXResourcesBuildPhase;
			buildActionMask = 2147483647;
			files = (
				CC64D9DC29392FB600F02094 /* YSDisplay-Medium.ttf in Resources */,
				CCEB358029269DDB003D1627 /* LaunchScreen.storyboard in Resources */,
				CCEB357D29269DDB003D1627 /* Assets.xcassets in Resources */,
				CCEB357B29269DDA003D1627 /* Main.storyboard in Resources */,
				CC64D9DD29392FB600F02094 /* YSDisplay-Bold.ttf in Resources */,
			);
			runOnlyForDeploymentPostprocessing = 0;
		};
/* End PBXResourcesBuildPhase section */

/* Begin PBXSourcesBuildPhase section */
		CC3FA5892992BEB80067D139 /* Sources */ = {
			isa = PBXSourcesBuildPhase;
			buildActionMask = 2147483647;
			files = (
				CCE4E945299D6858009F9097 /* ImagesListTests.swift in Sources */,
				CC3FA5902992BEB80067D139 /* WebViewTests.swift in Sources */,
				CC3FA59B2994170A0067D139 /* ProfileTests.swift in Sources */,
			);
			runOnlyForDeploymentPostprocessing = 0;
		};
		CCE4E946299E03C0009F9097 /* Sources */ = {
			isa = PBXSourcesBuildPhase;
			buildActionMask = 2147483647;
			files = (
				CCE4E94F299E03C0009F9097 /* ImageFeedUITestsLaunchTests.swift in Sources */,
				CCE4E94D299E03C0009F9097 /* ImageFeedUITests.swift in Sources */,
			);
			runOnlyForDeploymentPostprocessing = 0;
		};
		CCEB356C29269DDA003D1627 /* Sources */ = {
			isa = PBXSourcesBuildPhase;
			buildActionMask = 2147483647;
			files = (
				CCEB357829269DDA003D1627 /* ImagesListViewController.swift in Sources */,
				CCD191B929292116004E6439 /* ImagesListCell.swift in Sources */,
				CCD50679294E462100F88C7C /* OAuthTokenResponseBody.swift in Sources */,
				CCDD5B2D2979A81C00D7DAAF /* TabBarController.swift in Sources */,
				CC513339296068E30093354D /* URLSession.swift in Sources */,
				CC066012294B60420076C1DF /* AuthConfiguration.swift in Sources */,
				CCDF239B2939277200AD7261 /* ProfileViewController.swift in Sources */,
				CC3FA588299276090067D139 /* AuthHelper.swift in Sources */,
				CC8376E0294E3BDA00A7FCF9 /* OAuth2TokenStorage.swift in Sources */,
				CC3FA4932985A9960067D139 /* AnimationGradientFactory.swift in Sources */,
				CCD5067C294F46F500F88C7C /* SplashViewController.swift in Sources */,
				CC19CED2294C8C2000747CC4 /* AuthViewController.swift in Sources */,
				CCEB357429269DDA003D1627 /* AppDelegate.swift in Sources */,
				CC513336296032030093354D /* ProfileImageService.swift in Sources */,
				CC64D9E0293BBD0C00F02094 /* SingleImageViewController.swift in Sources */,
				CCD64FE62B0BAD26009A2BEE /* Notifications.swift in Sources */,
				CC19CED5294C8D8300747CC4 /* WebViewViewController.swift in Sources */,
				CC3FA5992993B7280067D139 /* ProfileViewPresenter.swift in Sources */,
				CC7241D8297C2C3800DC6A6B /* ImagesListService.swift in Sources */,
				CC3FA586299261070067D139 /* WebViewPresenter.swift in Sources */,
				CC8376DE294E3A5F00A7FCF9 /* OAuth2Service.swift in Sources */,
				CCEB357629269DDA003D1627 /* SceneDelegate.swift in Sources */,
				CC513332295EE29F0093354D /* UIBlockingProgressHUD.swift in Sources */,
				CCE4E943299D62C0009F9097 /* ImagesListPresenter.swift in Sources */,
				CC513334295EE8FC0093354D /* ProfileService.swift in Sources */,
			);
			runOnlyForDeploymentPostprocessing = 0;
		};
/* End PBXSourcesBuildPhase section */

/* Begin PBXTargetDependency section */
		CC3FA5922992BEB80067D139 /* PBXTargetDependency */ = {
			isa = PBXTargetDependency;
			target = CCEB356F29269DDA003D1627 /* ImageFeed */;
			targetProxy = CC3FA5912992BEB80067D139 /* PBXContainerItemProxy */;
		};
		CCE4E951299E03C0009F9097 /* PBXTargetDependency */ = {
			isa = PBXTargetDependency;
			target = CCEB356F29269DDA003D1627 /* ImageFeed */;
			targetProxy = CCE4E950299E03C0009F9097 /* PBXContainerItemProxy */;
		};
/* End PBXTargetDependency section */

/* Begin PBXVariantGroup section */
		CCEB357929269DDA003D1627 /* Main.storyboard */ = {
			isa = PBXVariantGroup;
			children = (
				CCEB357A29269DDA003D1627 /* Base */,
			);
			name = Main.storyboard;
			sourceTree = "<group>";
		};
		CCEB357E29269DDB003D1627 /* LaunchScreen.storyboard */ = {
			isa = PBXVariantGroup;
			children = (
				CCEB357F29269DDB003D1627 /* Base */,
			);
			name = LaunchScreen.storyboard;
			sourceTree = "<group>";
		};
/* End PBXVariantGroup section */

/* Begin XCBuildConfiguration section */
		CC3FA5942992BEB80067D139 /* Debug */ = {
			isa = XCBuildConfiguration;
			buildSettings = {
				BUNDLE_LOADER = "$(TEST_HOST)";
				CODE_SIGN_STYLE = Automatic;
				CURRENT_PROJECT_VERSION = 1;
				DEVELOPMENT_TEAM = KPR58387Y9;
				GENERATE_INFOPLIST_FILE = YES;
				IPHONEOS_DEPLOYMENT_TARGET = 16.2;
				MARKETING_VERSION = 1.0;
				PRODUCT_BUNDLE_IDENTIFIER = com.kyifut.ImageFeedTests;
				PRODUCT_NAME = "$(TARGET_NAME)";
				SWIFT_EMIT_LOC_STRINGS = NO;
				SWIFT_VERSION = 5.0;
				TARGETED_DEVICE_FAMILY = "1,2";
				TEST_HOST = "$(BUILT_PRODUCTS_DIR)/ImageFeed.app/$(BUNDLE_EXECUTABLE_FOLDER_PATH)/ImageFeed";
			};
			name = Debug;
		};
		CC3FA5952992BEB80067D139 /* Release */ = {
			isa = XCBuildConfiguration;
			buildSettings = {
				BUNDLE_LOADER = "$(TEST_HOST)";
				CODE_SIGN_STYLE = Automatic;
				CURRENT_PROJECT_VERSION = 1;
				DEVELOPMENT_TEAM = KPR58387Y9;
				GENERATE_INFOPLIST_FILE = YES;
				IPHONEOS_DEPLOYMENT_TARGET = 16.2;
				MARKETING_VERSION = 1.0;
				PRODUCT_BUNDLE_IDENTIFIER = com.kyifut.ImageFeedTests;
				PRODUCT_NAME = "$(TARGET_NAME)";
				SWIFT_EMIT_LOC_STRINGS = NO;
				SWIFT_VERSION = 5.0;
				TARGETED_DEVICE_FAMILY = "1,2";
				TEST_HOST = "$(BUILT_PRODUCTS_DIR)/ImageFeed.app/$(BUNDLE_EXECUTABLE_FOLDER_PATH)/ImageFeed";
			};
			name = Release;
		};
		CCE4E953299E03C0009F9097 /* Debug */ = {
			isa = XCBuildConfiguration;
			buildSettings = {
				CODE_SIGN_STYLE = Automatic;
				CURRENT_PROJECT_VERSION = 1;
				DEVELOPMENT_TEAM = KPR58387Y9;
				GENERATE_INFOPLIST_FILE = YES;
				IPHONEOS_DEPLOYMENT_TARGET = 16.2;
				MARKETING_VERSION = 1.0;
				PRODUCT_BUNDLE_IDENTIFIER = com.kyifut.ImageFeedUITests;
				PRODUCT_NAME = "$(TARGET_NAME)";
				SWIFT_EMIT_LOC_STRINGS = NO;
				SWIFT_VERSION = 5.0;
				TARGETED_DEVICE_FAMILY = "1,2";
				TEST_TARGET_NAME = ImageFeed;
			};
			name = Debug;
		};
		CCE4E954299E03C0009F9097 /* Release */ = {
			isa = XCBuildConfiguration;
			buildSettings = {
				CODE_SIGN_STYLE = Automatic;
				CURRENT_PROJECT_VERSION = 1;
				DEVELOPMENT_TEAM = KPR58387Y9;
				GENERATE_INFOPLIST_FILE = YES;
				IPHONEOS_DEPLOYMENT_TARGET = 16.2;
				MARKETING_VERSION = 1.0;
				PRODUCT_BUNDLE_IDENTIFIER = com.kyifut.ImageFeedUITests;
				PRODUCT_NAME = "$(TARGET_NAME)";
				SWIFT_EMIT_LOC_STRINGS = NO;
				SWIFT_VERSION = 5.0;
				TARGETED_DEVICE_FAMILY = "1,2";
				TEST_TARGET_NAME = ImageFeed;
			};
			name = Release;
		};
		CCEB358229269DDB003D1627 /* Debug */ = {
			isa = XCBuildConfiguration;
			buildSettings = {
				ALWAYS_SEARCH_USER_PATHS = NO;
				CLANG_ANALYZER_NONNULL = YES;
				CLANG_ANALYZER_NUMBER_OBJECT_CONVERSION = YES_AGGRESSIVE;
				CLANG_CXX_LANGUAGE_STANDARD = "gnu++20";
				CLANG_ENABLE_MODULES = YES;
				CLANG_ENABLE_OBJC_ARC = YES;
				CLANG_ENABLE_OBJC_WEAK = YES;
				CLANG_WARN_BLOCK_CAPTURE_AUTORELEASING = YES;
				CLANG_WARN_BOOL_CONVERSION = YES;
				CLANG_WARN_COMMA = YES;
				CLANG_WARN_CONSTANT_CONVERSION = YES;
				CLANG_WARN_DEPRECATED_OBJC_IMPLEMENTATIONS = YES;
				CLANG_WARN_DIRECT_OBJC_ISA_USAGE = YES_ERROR;
				CLANG_WARN_DOCUMENTATION_COMMENTS = YES;
				CLANG_WARN_EMPTY_BODY = YES;
				CLANG_WARN_ENUM_CONVERSION = YES;
				CLANG_WARN_INFINITE_RECURSION = YES;
				CLANG_WARN_INT_CONVERSION = YES;
				CLANG_WARN_NON_LITERAL_NULL_CONVERSION = YES;
				CLANG_WARN_OBJC_IMPLICIT_RETAIN_SELF = YES;
				CLANG_WARN_OBJC_LITERAL_CONVERSION = YES;
				CLANG_WARN_OBJC_ROOT_CLASS = YES_ERROR;
				CLANG_WARN_QUOTED_INCLUDE_IN_FRAMEWORK_HEADER = YES;
				CLANG_WARN_RANGE_LOOP_ANALYSIS = YES;
				CLANG_WARN_STRICT_PROTOTYPES = YES;
				CLANG_WARN_SUSPICIOUS_MOVE = YES;
				CLANG_WARN_UNGUARDED_AVAILABILITY = YES_AGGRESSIVE;
				CLANG_WARN_UNREACHABLE_CODE = YES;
				CLANG_WARN__DUPLICATE_METHOD_MATCH = YES;
				COPY_PHASE_STRIP = NO;
				DEBUG_INFORMATION_FORMAT = dwarf;
				ENABLE_STRICT_OBJC_MSGSEND = YES;
				ENABLE_TESTABILITY = YES;
				GCC_C_LANGUAGE_STANDARD = gnu11;
				GCC_DYNAMIC_NO_PIC = NO;
				GCC_NO_COMMON_BLOCKS = YES;
				GCC_OPTIMIZATION_LEVEL = 0;
				GCC_PREPROCESSOR_DEFINITIONS = (
					"DEBUG=1",
					"$(inherited)",
				);
				GCC_WARN_64_TO_32_BIT_CONVERSION = YES;
				GCC_WARN_ABOUT_RETURN_TYPE = YES_ERROR;
				GCC_WARN_UNDECLARED_SELECTOR = YES;
				GCC_WARN_UNINITIALIZED_AUTOS = YES_AGGRESSIVE;
				GCC_WARN_UNUSED_FUNCTION = YES;
				GCC_WARN_UNUSED_VARIABLE = YES;
				IPHONEOS_DEPLOYMENT_TARGET = 13.0;
				MTL_ENABLE_DEBUG_INFO = INCLUDE_SOURCE;
				MTL_FAST_MATH = YES;
				ONLY_ACTIVE_ARCH = YES;
				SDKROOT = iphoneos;
				SWIFT_ACTIVE_COMPILATION_CONDITIONS = DEBUG;
				SWIFT_OPTIMIZATION_LEVEL = "-Onone";
			};
			name = Debug;
		};
		CCEB358329269DDB003D1627 /* Release */ = {
			isa = XCBuildConfiguration;
			buildSettings = {
				ALWAYS_SEARCH_USER_PATHS = NO;
				CLANG_ANALYZER_NONNULL = YES;
				CLANG_ANALYZER_NUMBER_OBJECT_CONVERSION = YES_AGGRESSIVE;
				CLANG_CXX_LANGUAGE_STANDARD = "gnu++20";
				CLANG_ENABLE_MODULES = YES;
				CLANG_ENABLE_OBJC_ARC = YES;
				CLANG_ENABLE_OBJC_WEAK = YES;
				CLANG_WARN_BLOCK_CAPTURE_AUTORELEASING = YES;
				CLANG_WARN_BOOL_CONVERSION = YES;
				CLANG_WARN_COMMA = YES;
				CLANG_WARN_CONSTANT_CONVERSION = YES;
				CLANG_WARN_DEPRECATED_OBJC_IMPLEMENTATIONS = YES;
				CLANG_WARN_DIRECT_OBJC_ISA_USAGE = YES_ERROR;
				CLANG_WARN_DOCUMENTATION_COMMENTS = YES;
				CLANG_WARN_EMPTY_BODY = YES;
				CLANG_WARN_ENUM_CONVERSION = YES;
				CLANG_WARN_INFINITE_RECURSION = YES;
				CLANG_WARN_INT_CONVERSION = YES;
				CLANG_WARN_NON_LITERAL_NULL_CONVERSION = YES;
				CLANG_WARN_OBJC_IMPLICIT_RETAIN_SELF = YES;
				CLANG_WARN_OBJC_LITERAL_CONVERSION = YES;
				CLANG_WARN_OBJC_ROOT_CLASS = YES_ERROR;
				CLANG_WARN_QUOTED_INCLUDE_IN_FRAMEWORK_HEADER = YES;
				CLANG_WARN_RANGE_LOOP_ANALYSIS = YES;
				CLANG_WARN_STRICT_PROTOTYPES = YES;
				CLANG_WARN_SUSPICIOUS_MOVE = YES;
				CLANG_WARN_UNGUARDED_AVAILABILITY = YES_AGGRESSIVE;
				CLANG_WARN_UNREACHABLE_CODE = YES;
				CLANG_WARN__DUPLICATE_METHOD_MATCH = YES;
				COPY_PHASE_STRIP = NO;
				DEBUG_INFORMATION_FORMAT = "dwarf-with-dsym";
				ENABLE_NS_ASSERTIONS = NO;
				ENABLE_STRICT_OBJC_MSGSEND = YES;
				GCC_C_LANGUAGE_STANDARD = gnu11;
				GCC_NO_COMMON_BLOCKS = YES;
				GCC_WARN_64_TO_32_BIT_CONVERSION = YES;
				GCC_WARN_ABOUT_RETURN_TYPE = YES_ERROR;
				GCC_WARN_UNDECLARED_SELECTOR = YES;
				GCC_WARN_UNINITIALIZED_AUTOS = YES_AGGRESSIVE;
				GCC_WARN_UNUSED_FUNCTION = YES;
				GCC_WARN_UNUSED_VARIABLE = YES;
				IPHONEOS_DEPLOYMENT_TARGET = 13.0;
				MTL_ENABLE_DEBUG_INFO = NO;
				MTL_FAST_MATH = YES;
				SDKROOT = iphoneos;
				SWIFT_COMPILATION_MODE = wholemodule;
				SWIFT_OPTIMIZATION_LEVEL = "-O";
				VALIDATE_PRODUCT = YES;
			};
			name = Release;
		};
		CCEB358529269DDB003D1627 /* Debug */ = {
			isa = XCBuildConfiguration;
			buildSettings = {
				ASSETCATALOG_COMPILER_APPICON_NAME = AppIcon;
				ASSETCATALOG_COMPILER_GLOBAL_ACCENT_COLOR_NAME = AccentColor;
				CODE_SIGN_STYLE = Automatic;
				CURRENT_PROJECT_VERSION = 1;
				DEVELOPMENT_TEAM = KPR58387Y9;
				GENERATE_INFOPLIST_FILE = YES;
				INFOPLIST_FILE = ImageFeed/Info.plist;
				INFOPLIST_KEY_UIApplicationSupportsIndirectInputEvents = YES;
				INFOPLIST_KEY_UILaunchStoryboardName = LaunchScreen.storyboard;
				INFOPLIST_KEY_UIMainStoryboardFile = Main;
				INFOPLIST_KEY_UIStatusBarStyle = UIStatusBarStyleLightContent;
				INFOPLIST_KEY_UISupportedInterfaceOrientations = "UIInterfaceOrientationLandscapeLeft UIInterfaceOrientationLandscapeRight UIInterfaceOrientationPortrait";
				IPHONEOS_DEPLOYMENT_TARGET = 13.0;
				LD_RUNPATH_SEARCH_PATHS = (
					"$(inherited)",
					"@executable_path/Frameworks",
				);
				MARKETING_VERSION = 1.0;
				PRODUCT_BUNDLE_IDENTIFIER = com.kyifut.ImageFeed;
				PRODUCT_NAME = "$(TARGET_NAME)";
				SUPPORTED_PLATFORMS = "iphoneos iphonesimulator";
				SUPPORTS_MACCATALYST = NO;
				SUPPORTS_MAC_DESIGNED_FOR_IPHONE_IPAD = NO;
				SWIFT_EMIT_LOC_STRINGS = YES;
				SWIFT_VERSION = 5.0;
				TARGETED_DEVICE_FAMILY = 1;
			};
			name = Debug;
		};
		CCEB358629269DDB003D1627 /* Release */ = {
			isa = XCBuildConfiguration;
			buildSettings = {
				ASSETCATALOG_COMPILER_APPICON_NAME = AppIcon;
				ASSETCATALOG_COMPILER_GLOBAL_ACCENT_COLOR_NAME = AccentColor;
				CODE_SIGN_STYLE = Automatic;
				CURRENT_PROJECT_VERSION = 1;
				DEVELOPMENT_TEAM = KPR58387Y9;
				GENERATE_INFOPLIST_FILE = YES;
				INFOPLIST_FILE = ImageFeed/Info.plist;
				INFOPLIST_KEY_UIApplicationSupportsIndirectInputEvents = YES;
				INFOPLIST_KEY_UILaunchStoryboardName = LaunchScreen.storyboard;
				INFOPLIST_KEY_UIMainStoryboardFile = Main;
				INFOPLIST_KEY_UIStatusBarStyle = UIStatusBarStyleLightContent;
				INFOPLIST_KEY_UISupportedInterfaceOrientations = "UIInterfaceOrientationLandscapeLeft UIInterfaceOrientationLandscapeRight UIInterfaceOrientationPortrait";
				IPHONEOS_DEPLOYMENT_TARGET = 13.0;
				LD_RUNPATH_SEARCH_PATHS = (
					"$(inherited)",
					"@executable_path/Frameworks",
				);
				MARKETING_VERSION = 1.0;
				PRODUCT_BUNDLE_IDENTIFIER = com.kyifut.ImageFeed;
				PRODUCT_NAME = "$(TARGET_NAME)";
				SUPPORTED_PLATFORMS = "iphoneos iphonesimulator";
				SUPPORTS_MACCATALYST = NO;
				SUPPORTS_MAC_DESIGNED_FOR_IPHONE_IPAD = NO;
				SWIFT_EMIT_LOC_STRINGS = YES;
				SWIFT_VERSION = 5.0;
				TARGETED_DEVICE_FAMILY = 1;
			};
			name = Release;
		};
/* End XCBuildConfiguration section */

/* Begin XCConfigurationList section */
		CC3FA5932992BEB80067D139 /* Build configuration list for PBXNativeTarget "ImageFeedTests" */ = {
			isa = XCConfigurationList;
			buildConfigurations = (
				CC3FA5942992BEB80067D139 /* Debug */,
				CC3FA5952992BEB80067D139 /* Release */,
			);
			defaultConfigurationIsVisible = 0;
			defaultConfigurationName = Release;
		};
		CCE4E952299E03C0009F9097 /* Build configuration list for PBXNativeTarget "ImageFeedUITests" */ = {
			isa = XCConfigurationList;
			buildConfigurations = (
				CCE4E953299E03C0009F9097 /* Debug */,
				CCE4E954299E03C0009F9097 /* Release */,
			);
			defaultConfigurationIsVisible = 0;
			defaultConfigurationName = Release;
		};
		CCEB356B29269DDA003D1627 /* Build configuration list for PBXProject "ImageFeed" */ = {
			isa = XCConfigurationList;
			buildConfigurations = (
				CCEB358229269DDB003D1627 /* Debug */,
				CCEB358329269DDB003D1627 /* Release */,
			);
			defaultConfigurationIsVisible = 0;
			defaultConfigurationName = Release;
		};
		CCEB358429269DDB003D1627 /* Build configuration list for PBXNativeTarget "ImageFeed" */ = {
			isa = XCConfigurationList;
			buildConfigurations = (
				CCEB358529269DDB003D1627 /* Debug */,
				CCEB358629269DDB003D1627 /* Release */,
			);
			defaultConfigurationIsVisible = 0;
			defaultConfigurationName = Release;
		};
/* End XCConfigurationList section */

/* Begin XCRemoteSwiftPackageReference section */
		CC51332E295DCF3E0093354D /* XCRemoteSwiftPackageReference "ProgressHUD" */ = {
			isa = XCRemoteSwiftPackageReference;
			repositoryURL = "https://github.com/relatedcode/ProgressHUD";
			requirement = {
				kind = exactVersion;
				version = 13.6.2;
			};
		};
		CC51333A2961A9BC0093354D /* XCRemoteSwiftPackageReference "Kingfisher" */ = {
			isa = XCRemoteSwiftPackageReference;
			repositoryURL = "https://github.com/onevcat/Kingfisher";
			requirement = {
				kind = exactVersion;
				version = 7.10.0;
			};
		};
		CC51333D2961B81B0093354D /* XCRemoteSwiftPackageReference "SwiftKeychainWrapper" */ = {
			isa = XCRemoteSwiftPackageReference;
			repositoryURL = "https://github.com/jrendel/SwiftKeychainWrapper";
			requirement = {
				kind = exactVersion;
				version = 4.0.1;
			};
		};
/* End XCRemoteSwiftPackageReference section */

/* Begin XCSwiftPackageProductDependency section */
		CC51332F295DCF3E0093354D /* ProgressHUD */ = {
			isa = XCSwiftPackageProductDependency;
			package = CC51332E295DCF3E0093354D /* XCRemoteSwiftPackageReference "ProgressHUD" */;
			productName = ProgressHUD;
		};
		CC51333B2961A9BC0093354D /* Kingfisher */ = {
			isa = XCSwiftPackageProductDependency;
			package = CC51333A2961A9BC0093354D /* XCRemoteSwiftPackageReference "Kingfisher" */;
			productName = Kingfisher;
		};
		CC51333E2961B81B0093354D /* SwiftKeychainWrapper */ = {
			isa = XCSwiftPackageProductDependency;
			package = CC51333D2961B81B0093354D /* XCRemoteSwiftPackageReference "SwiftKeychainWrapper" */;
			productName = SwiftKeychainWrapper;
		};
/* End XCSwiftPackageProductDependency section */
	};
	rootObject = CCEB356829269DDA003D1627 /* Project object */;
}
